
Microsoft Visual Studio Solution File, Format Version 11.00
# Visual Studio 2010
Project("{FAE04EC0-301F-11D3-BF4B-00C04F79EFBC}") = "LunarGridMesh", "LunarGridMesh.csproj", "{98597FC9-391D-4CFD-94C2-29D15F59D2F4}"
EndProject
Global
	GlobalSection(SolutionConfigurationPlatforms) = preSolution
		Debug|Any CPU = Debug|Any CPU
		Release|Any CPU = Release|Any CPU
	EndGlobalSection
	GlobalSection(ProjectConfigurationPlatforms) = postSolution
		{98597FC9-391D-4CFD-94C2-29D15F59D2F4}.Debug|Any CPU.ActiveCfg = Debug|Any CPU
		{98597FC9-391D-4CFD-94C2-29D15F59D2F4}.Debug|Any CPU.Build.0 = Debug|Any CPU
		{98597FC9-391D-4CFD-94C2-29D15F59D2F4}.Release|Any CPU.ActiveCfg = Release|Any CPU
		{98597FC9-391D-4CFD-94C2-29D15F59D2F4}.Release|Any CPU.Build.0 = Release|Any CPU
	EndGlobalSection
	GlobalSection(MonoDevelopProperties) = preSolution
		StartupItem = LunarGridMesh.csproj
	EndGlobalSection
EndGlobal
